
Microsoft Visual Studio Solution File, Format Version 12.00
# Visual Studio 15
VisualStudioVersion = 15.0.27428.2015
MinimumVisualStudioVersion = 10.0.40219.1
Project("{FAE04EC0-301F-11D3-BF4B-00C04F79EFBC}") = "GetMissingTextEntries", "GetTextEntries\GetMissingTextEntries.csproj", "{5E36A284-D00D-4DB9-B8D3-4BD78897A229}"
EndProject
Project("{FAE04EC0-301F-11D3-BF4B-00C04F79EFBC}") = "ExtractTextPointersFromAdvanceTextIni", "ExtractTextPointersFromAdvanceTextIni\ExtractTextPointersFromAdvanceTextIni.csproj", "{47FE0A74-57BE-4246-A8B6-56670291EAD9}"
EndProject
Project("{FAE04EC0-301F-11D3-BF4B-00C04F79EFBC}") = "SharedLibrary", "SharedLibrary\SharedLibrary.csproj", "{629A251A-B6A4-40A4-B0AA-9F9F6993C91A}"
EndProject
Project("{FAE04EC0-301F-11D3-BF4B-00C04F79EFBC}") = "MergetranslationFiles", "ReplaceTextIndexes\MergetranslationFiles.csproj", "{1931D8AE-5E74-40B0-BBD5-565DC0C2D2CF}"
EndProject
Project("{FAE04EC0-301F-11D3-BF4B-00C04F79EFBC}") = "ApplyTranslationsToRom", "ApplyTranslationsToRom\ApplyTranslationsToRom.csproj", "{2CE7B0ED-A1C8-448D-BFD3-79106CFEEFF8}"
EndProject
Project("{FAE04EC0-301F-11D3-BF4B-00C04F79EFBC}") = "EndianSwapper", "EndianSwapper\EndianSwapper.csproj", "{54B0168A-4A12-4926-97A3-65236CFD650E}"
EndProject
Project("{FAE04EC0-301F-11D3-BF4B-00C04F79EFBC}") = "EndianSwapperWpf", "EndianSwapperWpf\EndianSwapperWpf.csproj", "{1E5872CA-1C3E-4BB3-B2E1-D82B77CC61C0}"
EndProject
Project("{FAE04EC0-301F-11D3-BF4B-00C04F79EFBC}") = "TranslationTextEditor", "TranslationTextEditor\TranslationTextEditor.csproj", "{CA6103FF-D431-4295-9768-C6E034FF9853}"
EndProject
Project("{FAE04EC0-301F-11D3-BF4B-00C04F79EFBC}") = "LazyStringFinder", "LazyStringFinder\LazyStringFinder.csproj", "{145CF52A-7530-4B96-8EDF-547DE5AF7C07}"
EndProject
Project("{FAE04EC0-301F-11D3-BF4B-00C04F79EFBC}") = "FindPrecedingTexts", "FindPrecedingTexts\FindPrecedingTexts.csproj", "{B6CD097A-DD80-46FC-A458-BCE0F146938B}"
EndProject
Project("{FAE04EC0-301F-11D3-BF4B-00C04F79EFBC}") = "TargettedSearch", "TargettedSearch\TargettedSearch.csproj", "{A316F00D-7DD4-44D8-BAA6-DB7E0282DA95}"
EndProject
Global
	GlobalSection(SolutionConfigurationPlatforms) = preSolution
		Debug|Any CPU = Debug|Any CPU
		Release|Any CPU = Release|Any CPU
	EndGlobalSection
	GlobalSection(ProjectConfigurationPlatforms) = postSolution
		{5E36A284-D00D-4DB9-B8D3-4BD78897A229}.Debug|Any CPU.ActiveCfg = Debug|Any CPU
		{5E36A284-D00D-4DB9-B8D3-4BD78897A229}.Debug|Any CPU.Build.0 = Debug|Any CPU
		{5E36A284-D00D-4DB9-B8D3-4BD78897A229}.Release|Any CPU.ActiveCfg = Release|Any CPU
		{5E36A284-D00D-4DB9-B8D3-4BD78897A229}.Release|Any CPU.Build.0 = Release|Any CPU
		{47FE0A74-57BE-4246-A8B6-56670291EAD9}.Debug|Any CPU.ActiveCfg = Debug|Any CPU
		{47FE0A74-57BE-4246-A8B6-56670291EAD9}.Debug|Any CPU.Build.0 = Debug|Any CPU
		{47FE0A74-57BE-4246-A8B6-56670291EAD9}.Release|Any CPU.ActiveCfg = Release|Any CPU
		{47FE0A74-57BE-4246-A8B6-56670291EAD9}.Release|Any CPU.Build.0 = Release|Any CPU
		{629A251A-B6A4-40A4-B0AA-9F9F6993C91A}.Debug|Any CPU.ActiveCfg = Debug|Any CPU
		{629A251A-B6A4-40A4-B0AA-9F9F6993C91A}.Debug|Any CPU.Build.0 = Debug|Any CPU
		{629A251A-B6A4-40A4-B0AA-9F9F6993C91A}.Release|Any CPU.ActiveCfg = Release|Any CPU
		{629A251A-B6A4-40A4-B0AA-9F9F6993C91A}.Release|Any CPU.Build.0 = Release|Any CPU
		{1931D8AE-5E74-40B0-BBD5-565DC0C2D2CF}.Debug|Any CPU.ActiveCfg = Debug|Any CPU
		{1931D8AE-5E74-40B0-BBD5-565DC0C2D2CF}.Debug|Any CPU.Build.0 = Debug|Any CPU
		{1931D8AE-5E74-40B0-BBD5-565DC0C2D2CF}.Release|Any CPU.ActiveCfg = Release|Any CPU
		{1931D8AE-5E74-40B0-BBD5-565DC0C2D2CF}.Release|Any CPU.Build.0 = Release|Any CPU
		{2CE7B0ED-A1C8-448D-BFD3-79106CFEEFF8}.Debug|Any CPU.ActiveCfg = Debug|Any CPU
		{2CE7B0ED-A1C8-448D-BFD3-79106CFEEFF8}.Debug|Any CPU.Build.0 = Debug|Any CPU
		{2CE7B0ED-A1C8-448D-BFD3-79106CFEEFF8}.Release|Any CPU.ActiveCfg = Release|Any CPU
		{2CE7B0ED-A1C8-448D-BFD3-79106CFEEFF8}.Release|Any CPU.Build.0 = Release|Any CPU
		{54B0168A-4A12-4926-97A3-65236CFD650E}.Debug|Any CPU.ActiveCfg = Debug|Any CPU
		{54B0168A-4A12-4926-97A3-65236CFD650E}.Debug|Any CPU.Build.0 = Debug|Any CPU
		{54B0168A-4A12-4926-97A3-65236CFD650E}.Release|Any CPU.ActiveCfg = Release|Any CPU
		{54B0168A-4A12-4926-97A3-65236CFD650E}.Release|Any CPU.Build.0 = Release|Any CPU
		{1E5872CA-1C3E-4BB3-B2E1-D82B77CC61C0}.Debug|Any CPU.ActiveCfg = Debug|Any CPU
		{1E5872CA-1C3E-4BB3-B2E1-D82B77CC61C0}.Debug|Any CPU.Build.0 = Debug|Any CPU
		{1E5872CA-1C3E-4BB3-B2E1-D82B77CC61C0}.Release|Any CPU.ActiveCfg = Release|Any CPU
		{1E5872CA-1C3E-4BB3-B2E1-D82B77CC61C0}.Release|Any CPU.Build.0 = Release|Any CPU
		{CA6103FF-D431-4295-9768-C6E034FF9853}.Debug|Any CPU.ActiveCfg = Debug|Any CPU
		{CA6103FF-D431-4295-9768-C6E034FF9853}.Debug|Any CPU.Build.0 = Debug|Any CPU
		{CA6103FF-D431-4295-9768-C6E034FF9853}.Release|Any CPU.ActiveCfg = Release|Any CPU
		{CA6103FF-D431-4295-9768-C6E034FF9853}.Release|Any CPU.Build.0 = Release|Any CPU
		{145CF52A-7530-4B96-8EDF-547DE5AF7C07}.Debug|Any CPU.ActiveCfg = Debug|Any CPU
		{145CF52A-7530-4B96-8EDF-547DE5AF7C07}.Debug|Any CPU.Build.0 = Debug|Any CPU
		{145CF52A-7530-4B96-8EDF-547DE5AF7C07}.Release|Any CPU.ActiveCfg = Release|Any CPU
		{145CF52A-7530-4B96-8EDF-547DE5AF7C07}.Release|Any CPU.Build.0 = Release|Any CPU
		{B6CD097A-DD80-46FC-A458-BCE0F146938B}.Debug|Any CPU.ActiveCfg = Debug|Any CPU
		{B6CD097A-DD80-46FC-A458-BCE0F146938B}.Debug|Any CPU.Build.0 = Debug|Any CPU
		{B6CD097A-DD80-46FC-A458-BCE0F146938B}.Release|Any CPU.ActiveCfg = Release|Any CPU
		{B6CD097A-DD80-46FC-A458-BCE0F146938B}.Release|Any CPU.Build.0 = Release|Any CPU
		{A316F00D-7DD4-44D8-BAA6-DB7E0282DA95}.Debug|Any CPU.ActiveCfg = Debug|Any CPU
		{A316F00D-7DD4-44D8-BAA6-DB7E0282DA95}.Debug|Any CPU.Build.0 = Debug|Any CPU
		{A316F00D-7DD4-44D8-BAA6-DB7E0282DA95}.Release|Any CPU.ActiveCfg = Release|Any CPU
		{A316F00D-7DD4-44D8-BAA6-DB7E0282DA95}.Release|Any CPU.Build.0 = Release|Any CPU
	EndGlobalSection
	GlobalSection(SolutionProperties) = preSolution
		HideSolutionNode = FALSE
	EndGlobalSection
	GlobalSection(ExtensibilityGlobals) = postSolution
		SolutionGuid = {4E91ACB6-23E8-45F4-8B76-64403F049CA5}
	EndGlobalSection
EndGlobal
